// !$*UTF8*$!
{
	archiveVersion = 1;
	classes = {
	};
	objectVersion = 77;
	objects = {

/* Begin PBXBuildFile section */
		7F8E4A2C0E4CBDA4BFB72B7F /* Pods_notifications.framework in Frameworks */ = {isa = PBXBuildFile; fileRef = 65BC6DCD6D128E2C52848B70 /* Pods_notifications.framework */; };
		95F1A93B2EB1076500DFB722 /* notifications.appex in Embed Foundation Extensions */ = {isa = PBXBuildFile; fileRef = 95F1A9342EB1076400DFB722 /* notifications.appex */; settings = {ATTRIBUTES = (RemoveHeadersOnCopy, ); }; };
		95F1A94D2EB108B500DFB722 /* FirebaseCore.framework in Frameworks */ = {isa = PBXBuildFile; fileRef = 95F1A94B2EB108B500DFB722 /* FirebaseCore.framework */; };
		95F1A94F2EB108B500DFB722 /* FirebaseMessaging.framework in Frameworks */ = {isa = PBXBuildFile; fileRef = 95F1A94C2EB108B500DFB722 /* FirebaseMessaging.framework */; };
		95F1A9532EB108C600DFB722 /* UserNotifications.framework in Frameworks */ = {isa = PBXBuildFile; fileRef = 95F1A9522EB108C600DFB722 /* UserNotifications.framework */; };
		95F1A9552EB108CB00DFB722 /* AppsFlyerLib.xcframework in Frameworks */ = {isa = PBXBuildFile; fileRef = 95F1A9542EB108CB00DFB722 /* AppsFlyerLib.xcframework */; };
		95F1A9592EB108DE00DFB722 /* FirebaseCore.framework in Frameworks */ = {isa = PBXBuildFile; fileRef = 95F1A9572EB108DE00DFB722 /* FirebaseCore.framework */; };
		95F1A95B2EB108DE00DFB722 /* FirebaseMessaging.framework in Frameworks */ = {isa = PBXBuildFile; fileRef = 95F1A9582EB108DE00DFB722 /* FirebaseMessaging.framework */; };
		95F1A95E2EB108E400DFB722 /* UserNotifications.framework in Frameworks */ = {isa = PBXBuildFile; fileRef = 95F1A9522EB108C600DFB722 /* UserNotifications.framework */; };
		95F1A9742EB109B800DFB722 /* Main-Info.plist in Resources */ = {isa = PBXBuildFile; fileRef = 95F1A9732EB109B800DFB722 /* Main-Info.plist */; };
		F78BCDCDFF8039D6CB158E78 /* Pods_Main.framework in Frameworks */ = {isa = PBXBuildFile; fileRef = C166D5751D934D58E46EEE78 /* Pods_Main.framework */; };
/* End PBXBuildFile section */

/* Begin PBXContainerItemProxy section */
		95F1A9392EB1076500DFB722 /* PBXContainerItemProxy */ = {
			isa = PBXContainerItemProxy;
			containerPortal = 95F1A91A2EB1073E00DFB722 /* Project object */;
			proxyType = 1;
			remoteGlobalIDString = 95F1A9332EB1076400DFB722;
			remoteInfo = notifications;
		};
/* End PBXContainerItemProxy section */

/* Begin PBXCopyFilesBuildPhase section */
		95F1A9402EB1076500DFB722 /* Embed Foundation Extensions */ = {
			isa = PBXCopyFilesBuildPhase;
			buildActionMask = 2147483647;
			dstPath = "";
			dstSubfolderSpec = 13;
			files = (
				95F1A93B2EB1076500DFB722 /* notifications.appex in Embed Foundation Extensions */,
			);
			name = "Embed Foundation Extensions";
			runOnlyForDeploymentPostprocessing = 0;
		};
/* End PBXCopyFilesBuildPhase section */

/* Begin PBXFileReference section */
		54BFA4F3CA869675E40B0601 /* Pods-notifications.release.xcconfig */ = {isa = PBXFileReference; includeInIndex = 1; lastKnownFileType = text.xcconfig; name = "Pods-notifications.release.xcconfig"; path = "Target Support Files/Pods-notifications/Pods-notifications.release.xcconfig"; sourceTree = "<group>"; };
		65BC6DCD6D128E2C52848B70 /* Pods_notifications.framework */ = {isa = PBXFileReference; explicitFileType = wrapper.framework; includeInIndex = 0; path = Pods_notifications.framework; sourceTree = BUILT_PRODUCTS_DIR; };
		8A11BE72B71F000276776871 /* Pods-Main.debug.xcconfig */ = {isa = PBXFileReference; includeInIndex = 1; lastKnownFileType = text.xcconfig; name = "Pods-Main.debug.xcconfig"; path = "Target Support Files/Pods-Main/Pods-Main.debug.xcconfig"; sourceTree = "<group>"; };
		95F1A9222EB1073E00DFB722 /* Main.app */ = {isa = PBXFileReference; explicitFileType = wrapper.application; includeInIndex = 0; path = Main.app; sourceTree = BUILT_PRODUCTS_DIR; };
		95F1A9342EB1076400DFB722 /* notifications.appex */ = {isa = PBXFileReference; explicitFileType = "wrapper.app-extension"; includeInIndex = 0; path = notifications.appex; sourceTree = BUILT_PRODUCTS_DIR; };
		95F1A94B2EB108B500DFB722 /* FirebaseCore.framework */ = {isa = PBXFileReference; explicitFileType = wrapper.framework; path = FirebaseCore.framework; sourceTree = BUILT_PRODUCTS_DIR; };
		95F1A94C2EB108B500DFB722 /* FirebaseMessaging.framework */ = {isa = PBXFileReference; explicitFileType = wrapper.framework; path = FirebaseMessaging.framework; sourceTree = BUILT_PRODUCTS_DIR; };
		95F1A9522EB108C600DFB722 /* UserNotifications.framework */ = {isa = PBXFileReference; lastKnownFileType = wrapper.framework; name = UserNotifications.framework; path = System/Library/Frameworks/UserNotifications.framework; sourceTree = SDKROOT; };
		95F1A9542EB108CB00DFB722 /* AppsFlyerLib.xcframework */ = {isa = PBXFileReference; expectedSignature = "AppleDeveloperProgram:6UQAD4B3U2:APPSFLYER LTD"; lastKnownFileType = wrapper.xcframework; name = AppsFlyerLib.xcframework; path = Pods/AppsFlyerFramework/binaries/xcframework/full/AppsFlyerLib.xcframework; sourceTree = "<group>"; };
		95F1A9572EB108DE00DFB722 /* FirebaseCore.framework */ = {isa = PBXFileReference; explicitFileType = wrapper.framework; path = FirebaseCore.framework; sourceTree = BUILT_PRODUCTS_DIR; };
		95F1A9582EB108DE00DFB722 /* FirebaseMessaging.framework */ = {isa = PBXFileReference; explicitFileType = wrapper.framework; path = FirebaseMessaging.framework; sourceTree = BUILT_PRODUCTS_DIR; };
		95F1A9732EB109B800DFB722 /* Main-Info.plist */ = {isa = PBXFileReference; lastKnownFileType = text.plist.xml; path = "Main-Info.plist"; sourceTree = "<group>"; };
		C166D5751D934D58E46EEE78 /* Pods_Main.framework */ = {isa = PBXFileReference; explicitFileType = wrapper.framework; includeInIndex = 0; path = Pods_Main.framework; sourceTree = BUILT_PRODUCTS_DIR; };
		E1390676039CE7762EB65D2F /* Pods-notifications.debug.xcconfig */ = {isa = PBXFileReference; includeInIndex = 1; lastKnownFileType = text.xcconfig; name = "Pods-notifications.debug.xcconfig"; path = "Target Support Files/Pods-notifications/Pods-notifications.debug.xcconfig"; sourceTree = "<group>"; };
		F477A20872B37F87EE2B4608 /* Pods-Main.release.xcconfig */ = {isa = PBXFileReference; includeInIndex = 1; lastKnownFileType = text.xcconfig; name = "Pods-Main.release.xcconfig"; path = "Target Support Files/Pods-Main/Pods-Main.release.xcconfig"; sourceTree = "<group>"; };
/* End PBXFileReference section */

/* Begin PBXFileSystemSynchronizedBuildFileExceptionSet section */
		95F1A93C2EB1076500DFB722 /* Exceptions for "notifications" folder in "notifications" target */ = {
			isa = PBXFileSystemSynchronizedBuildFileExceptionSet;
			membershipExceptions = (
				Info.plist,
			);
			target = 95F1A9332EB1076400DFB722 /* notifications */;
		};
		95F1A9772EB114AC00DFB722 /* Exceptions for "Main" folder in "Main" target */ = {
			isa = PBXFileSystemSynchronizedBuildFileExceptionSet;
			membershipExceptions = (
				Info.plist,
			);
			target = 95F1A9212EB1073E00DFB722 /* Main */;
		};
/* End PBXFileSystemSynchronizedBuildFileExceptionSet section */

/* Begin PBXFileSystemSynchronizedRootGroup section */
		95F1A9242EB1073E00DFB722 /* Main */ = {
			isa = PBXFileSystemSynchronizedRootGroup;
			exceptions = (
				95F1A9772EB114AC00DFB722 /* Exceptions for "Main" folder in "Main" target */,
			);
			path = Main;
			sourceTree = "<group>";
		};
		95F1A9352EB1076500DFB722 /* notifications */ = {
			isa = PBXFileSystemSynchronizedRootGroup;
			exceptions = (
				95F1A93C2EB1076500DFB722 /* Exceptions for "notifications" folder in "notifications" target */,
			);
			path = notifications;
			sourceTree = "<group>";
		};
/* End PBXFileSystemSynchronizedRootGroup section */

/* Begin PBXFrameworksBuildPhase section */
		95F1A91F2EB1073E00DFB722 /* Frameworks */ = {
			isa = PBXFrameworksBuildPhase;
			buildActionMask = 2147483647;
			files = (
				95F1A9552EB108CB00DFB722 /* AppsFlyerLib.xcframework in Frameworks */,
				95F1A9532EB108C600DFB722 /* UserNotifications.framework in Frameworks */,
				95F1A94F2EB108B500DFB722 /* FirebaseMessaging.framework in Frameworks */,
				95F1A94D2EB108B500DFB722 /* FirebaseCore.framework in Frameworks */,
				F78BCDCDFF8039D6CB158E78 /* Pods_Main.framework in Frameworks */,
			);
			runOnlyForDeploymentPostprocessing = 0;
		};
		95F1A9312EB1076400DFB722 /* Frameworks */ = {
			isa = PBXFrameworksBuildPhase;
			buildActionMask = 2147483647;
			files = (
				95F1A95E2EB108E400DFB722 /* UserNotifications.framework in Frameworks */,
				95F1A95B2EB108DE00DFB722 /* FirebaseMessaging.framework in Frameworks */,
				95F1A9592EB108DE00DFB722 /* FirebaseCore.framework in Frameworks */,
				7F8E4A2C0E4CBDA4BFB72B7F /* Pods_notifications.framework in Frameworks */,
			);
			runOnlyForDeploymentPostprocessing = 0;
		};
/* End PBXFrameworksBuildPhase section */

/* Begin PBXGroup section */
		95F1A9192EB1073E00DFB722 = {
			isa = PBXGroup;
			children = (
				95F1A9732EB109B800DFB722 /* Main-Info.plist */,
				95F1A9242EB1073E00DFB722 /* Main */,
				95F1A9352EB1076500DFB722 /* notifications */,
				95F1A9232EB1073E00DFB722 /* Products */,
				BADA49FC93C514069F376A0E /* Pods */,
				D8864238AAE6E3CBA2FDB608 /* Frameworks */,
			);
			sourceTree = "<group>";
		};
		95F1A9232EB1073E00DFB722 /* Products */ = {
			isa = PBXGroup;
			children = (
				95F1A9222EB1073E00DFB722 /* Main.app */,
				95F1A9342EB1076400DFB722 /* notifications.appex */,
			);
			name = Products;
			sourceTree = "<group>";
		};
		BADA49FC93C514069F376A0E /* Pods */ = {
			isa = PBXGroup;
			children = (
				8A11BE72B71F000276776871 /* Pods-Main.debug.xcconfig */,
				F477A20872B37F87EE2B4608 /* Pods-Main.release.xcconfig */,
				E1390676039CE7762EB65D2F /* Pods-notifications.debug.xcconfig */,
				54BFA4F3CA869675E40B0601 /* Pods-notifications.release.xcconfig */,
			);
			path = Pods;
			sourceTree = "<group>";
		};
		D8864238AAE6E3CBA2FDB608 /* Frameworks */ = {
			isa = PBXGroup;
			children = (
				95F1A9572EB108DE00DFB722 /* FirebaseCore.framework */,
				95F1A9582EB108DE00DFB722 /* FirebaseMessaging.framework */,
				95F1A9542EB108CB00DFB722 /* AppsFlyerLib.xcframework */,
				95F1A9522EB108C600DFB722 /* UserNotifications.framework */,
				95F1A94B2EB108B500DFB722 /* FirebaseCore.framework */,
				95F1A94C2EB108B500DFB722 /* FirebaseMessaging.framework */,
				C166D5751D934D58E46EEE78 /* Pods_Main.framework */,
				65BC6DCD6D128E2C52848B70 /* Pods_notifications.framework */,
			);
			name = Frameworks;
			sourceTree = "<group>";
		};
/* End PBXGroup section */

/* Begin PBXNativeTarget section */
		95F1A9212EB1073E00DFB722 /* Main */ = {
			isa = PBXNativeTarget;
			buildConfigurationList = 95F1A92D2EB1073F00DFB722 /* Build configuration list for PBXNativeTarget "Main" */;
			buildPhases = (
				FBE950B10B40B7A5FE7B31C7 /* [CP] Check Pods Manifest.lock */,
				95F1A91E2EB1073E00DFB722 /* Sources */,
				95F1A91F2EB1073E00DFB722 /* Frameworks */,
				95F1A9202EB1073E00DFB722 /* Resources */,
				95F1A9402EB1076500DFB722 /* Embed Foundation Extensions */,
				DBC90FC95EC09309B72E5CC9 /* [CP] Embed Pods Frameworks */,
				369D6651869B2C2682E2CD0B /* [CP] Copy Pods Resources */,
			);
			buildRules = (
			);
			dependencies = (
				95F1A93A2EB1076500DFB722 /* PBXTargetDependency */,
			);
			fileSystemSynchronizedGroups = (
				95F1A9242EB1073E00DFB722 /* Main */,
			);
			name = Main;
			productName = Main;
			productReference = 95F1A9222EB1073E00DFB722 /* Main.app */;
			productType = "com.apple.product-type.application";
		};
		95F1A9332EB1076400DFB722 /* notifications */ = {
			isa = PBXNativeTarget;
			buildConfigurationList = 95F1A93D2EB1076500DFB722 /* Build configuration list for PBXNativeTarget "notifications" */;
			buildPhases = (
				081189A3F069DC1103933F57 /* [CP] Check Pods Manifest.lock */,
				95F1A9302EB1076400DFB722 /* Sources */,
				95F1A9312EB1076400DFB722 /* Frameworks */,
				95F1A9322EB1076400DFB722 /* Resources */,
				98D058DD4BBB3EE59D65DF6A /* [CP] Copy Pods Resources */,
			);
			buildRules = (
			);
			dependencies = (
			);
			fileSystemSynchronizedGroups = (
				95F1A9352EB1076500DFB722 /* notifications */,
			);
			name = notifications;
			productName = notifications;
			productReference = 95F1A9342EB1076400DFB722 /* notifications.appex */;
			productType = "com.apple.product-type.app-extension";
		};
/* End PBXNativeTarget section */

/* Begin PBXProject section */
		95F1A91A2EB1073E00DFB722 /* Project object */ = {
			isa = PBXProject;
			attributes = {
				BuildIndependentTargetsInParallel = 1;
				LastSwiftUpdateCheck = 1640;
				LastUpgradeCheck = 1640;
				TargetAttributes = {
					95F1A9212EB1073E00DFB722 = {
						CreatedOnToolsVersion = 16.4;
					};
					95F1A9332EB1076400DFB722 = {
						CreatedOnToolsVersion = 16.4;
					};
				};
			};
			buildConfigurationList = 95F1A91D2EB1073E00DFB722 /* Build configuration list for PBXProject "Main" */;
			developmentRegion = en;
			hasScannedForEncodings = 0;
			knownRegions = (
				en,
				Base,
			);
			mainGroup = 95F1A9192EB1073E00DFB722;
			minimizedProjectReferenceProxies = 1;
			preferredProjectObjectVersion = 77;
			productRefGroup = 95F1A9232EB1073E00DFB722 /* Products */;
			projectDirPath = "";
			projectRoot = "";
			targets = (
				95F1A9212EB1073E00DFB722 /* Main */,
				95F1A9332EB1076400DFB722 /* notifications */,
			);
		};
/* End PBXProject section */

/* Begin PBXResourcesBuildPhase section */
		95F1A9202EB1073E00DFB722 /* Resources */ = {
			isa = PBXResourcesBuildPhase;
			buildActionMask = 2147483647;
			files = (
				95F1A9742EB109B800DFB722 /* Main-Info.plist in Resources */,
			);
			runOnlyForDeploymentPostprocessing = 0;
		};
		95F1A9322EB1076400DFB722 /* Resources */ = {
			isa = PBXResourcesBuildPhase;
			buildActionMask = 2147483647;
			files = (
			);
			runOnlyForDeploymentPostprocessing = 0;
		};
/* End PBXResourcesBuildPhase section */

/* Begin PBXShellScriptBuildPhase section */
		081189A3F069DC1103933F57 /* [CP] Check Pods Manifest.lock */ = {
			isa = PBXShellScriptBuildPhase;
			buildActionMask = 2147483647;
			files = (
			);
			inputFileListPaths = (
			);
			inputPaths = (
				"${PODS_PODFILE_DIR_PATH}/Podfile.lock",
				"${PODS_ROOT}/Manifest.lock",
			);
			name = "[CP] Check Pods Manifest.lock";
			outputFileListPaths = (
			);
			outputPaths = (
				"$(DERIVED_FILE_DIR)/Pods-notifications-checkManifestLockResult.txt",
			);
			runOnlyForDeploymentPostprocessing = 0;
			shellPath = /bin/sh;
			shellScript = "diff \"${PODS_PODFILE_DIR_PATH}/Podfile.lock\" \"${PODS_ROOT}/Manifest.lock\" > /dev/null\nif [ $? != 0 ] ; then\n    # print error to STDERR\n    echo \"error: The sandbox is not in sync with the Podfile.lock. Run 'pod install' or update your CocoaPods installation.\" >&2\n    exit 1\nfi\n# This output is used by Xcode 'outputs' to avoid re-running this script phase.\necho \"SUCCESS\" > \"${SCRIPT_OUTPUT_FILE_0}\"\n";
			showEnvVarsInLog = 0;
		};
		369D6651869B2C2682E2CD0B /* [CP] Copy Pods Resources */ = {
			isa = PBXShellScriptBuildPhase;
			buildActionMask = 2147483647;
			files = (
			);
			inputFileListPaths = (
				"${PODS_ROOT}/Target Support Files/Pods-Main/Pods-Main-resources-${CONFIGURATION}-input-files.xcfilelist",
			);
			inputPaths = (
			);
			name = "[CP] Copy Pods Resources";
			outputFileListPaths = (
				"${PODS_ROOT}/Target Support Files/Pods-Main/Pods-Main-resources-${CONFIGURATION}-output-files.xcfilelist",
			);
			outputPaths = (
			);
			runOnlyForDeploymentPostprocessing = 0;
			shellPath = /bin/sh;
			shellScript = "\"${PODS_ROOT}/Target Support Files/Pods-Main/Pods-Main-resources.sh\"\n";
			showEnvVarsInLog = 0;
		};
		98D058DD4BBB3EE59D65DF6A /* [CP] Copy Pods Resources */ = {
			isa = PBXShellScriptBuildPhase;
			buildActionMask = 2147483647;
			files = (
			);
			inputFileListPaths = (
				"${PODS_ROOT}/Target Support Files/Pods-notifications/Pods-notifications-resources-${CONFIGURATION}-input-files.xcfilelist",
			);
			inputPaths = (
			);
			name = "[CP] Copy Pods Resources";
			outputFileListPaths = (
				"${PODS_ROOT}/Target Support Files/Pods-notifications/Pods-notifications-resources-${CONFIGURATION}-output-files.xcfilelist",
			);
			outputPaths = (
			);
			runOnlyForDeploymentPostprocessing = 0;
			shellPath = /bin/sh;
			shellScript = "\"${PODS_ROOT}/Target Support Files/Pods-notifications/Pods-notifications-resources.sh\"\n";
			showEnvVarsInLog = 0;
		};
		DBC90FC95EC09309B72E5CC9 /* [CP] Embed Pods Frameworks */ = {
			isa = PBXShellScriptBuildPhase;
			buildActionMask = 2147483647;
			files = (
			);
			inputFileListPaths = (
				"${PODS_ROOT}/Target Support Files/Pods-Main/Pods-Main-frameworks-${CONFIGURATION}-input-files.xcfilelist",
			);
			inputPaths = (
			);
			name = "[CP] Embed Pods Frameworks";
			outputFileListPaths = (
				"${PODS_ROOT}/Target Support Files/Pods-Main/Pods-Main-frameworks-${CONFIGURATION}-output-files.xcfilelist",
			);
			outputPaths = (
			);
			runOnlyForDeploymentPostprocessing = 0;
			shellPath = /bin/sh;
			shellScript = "\"${PODS_ROOT}/Target Support Files/Pods-Main/Pods-Main-frameworks.sh\"\n";
			showEnvVarsInLog = 0;
		};
		FBE950B10B40B7A5FE7B31C7 /* [CP] Check Pods Manifest.lock */ = {
			isa = PBXShellScriptBuildPhase;
			buildActionMask = 2147483647;
			files = (
			);
			inputFileListPaths = (
			);
			inputPaths = (
				"${PODS_PODFILE_DIR_PATH}/Podfile.lock",
				"${PODS_ROOT}/Manifest.lock",
			);
			name = "[CP] Check Pods Manifest.lock";
			outputFileListPaths = (
			);
			outputPaths = (
				"$(DERIVED_FILE_DIR)/Pods-Main-checkManifestLockResult.txt",
			);
			runOnlyForDeploymentPostprocessing = 0;
			shellPath = /bin/sh;
			shellScript = "diff \"${PODS_PODFILE_DIR_PATH}/Podfile.lock\" \"${PODS_ROOT}/Manifest.lock\" > /dev/null\nif [ $? != 0 ] ; then\n    # print error to STDERR\n    echo \"error: The sandbox is not in sync with the Podfile.lock. Run 'pod install' or update your CocoaPods installation.\" >&2\n    exit 1\nfi\n# This output is used by Xcode 'outputs' to avoid re-running this script phase.\necho \"SUCCESS\" > \"${SCRIPT_OUTPUT_FILE_0}\"\n";
			showEnvVarsInLog = 0;
		};
/* End PBXShellScriptBuildPhase section */

/* Begin PBXSourcesBuildPhase section */
		95F1A91E2EB1073E00DFB722 /* Sources */ = {
			isa = PBXSourcesBuildPhase;
			buildActionMask = 2147483647;
			files = (
			);
			runOnlyForDeploymentPostprocessing = 0;
		};
		95F1A9302EB1076400DFB722 /* Sources */ = {
			isa = PBXSourcesBuildPhase;
			buildActionMask = 2147483647;
			files = (
			);
			runOnlyForDeploymentPostprocessing = 0;
		};
/* End PBXSourcesBuildPhase section */

/* Begin PBXTargetDependency section */
		95F1A93A2EB1076500DFB722 /* PBXTargetDependency */ = {
			isa = PBXTargetDependency;
			target = 95F1A9332EB1076400DFB722 /* notifications */;
			targetProxy = 95F1A9392EB1076500DFB722 /* PBXContainerItemProxy */;
		};
/* End PBXTargetDependency section */

/* Begin XCBuildConfiguration section */
		95F1A92B2EB1073F00DFB722 /* Debug */ = {
			isa = XCBuildConfiguration;
			buildSettings = {
				ALWAYS_SEARCH_USER_PATHS = NO;
				ASSETCATALOG_COMPILER_GENERATE_SWIFT_ASSET_SYMBOL_EXTENSIONS = YES;
				CLANG_ANALYZER_NONNULL = YES;
				CLANG_ANALYZER_NUMBER_OBJECT_CONVERSION = YES_AGGRESSIVE;
				CLANG_CXX_LANGUAGE_STANDARD = "gnu++20";
				CLANG_ENABLE_MODULES = YES;
				CLANG_ENABLE_OBJC_ARC = YES;
				CLANG_ENABLE_OBJC_WEAK = YES;
				CLANG_WARN_BLOCK_CAPTURE_AUTORELEASING = YES;
				CLANG_WARN_BOOL_CONVERSION = YES;
				CLANG_WARN_COMMA = YES;
				CLANG_WARN_CONSTANT_CONVERSION = YES;
				CLANG_WARN_DEPRECATED_OBJC_IMPLEMENTATIONS = YES;
				CLANG_WARN_DIRECT_OBJC_ISA_USAGE = YES_ERROR;
				CLANG_WARN_DOCUMENTATION_COMMENTS = YES;
				CLANG_WARN_EMPTY_BODY = YES;
				CLANG_WARN_ENUM_CONVERSION = YES;
				CLANG_WARN_INFINITE_RECURSION = YES;
				CLANG_WARN_INT_CONVERSION = YES;
				CLANG_WARN_NON_LITERAL_NULL_CONVERSION = YES;
				CLANG_WARN_OBJC_IMPLICIT_RETAIN_SELF = YES;
				CLANG_WARN_OBJC_LITERAL_CONVERSION = YES;
				CLANG_WARN_OBJC_ROOT_CLASS = YES_ERROR;
				CLANG_WARN_QUOTED_INCLUDE_IN_FRAMEWORK_HEADER = YES;
				CLANG_WARN_RANGE_LOOP_ANALYSIS = YES;
				CLANG_WARN_STRICT_PROTOTYPES = YES;
				CLANG_WARN_SUSPICIOUS_MOVE = YES;
				CLANG_WARN_UNGUARDED_AVAILABILITY = YES_AGGRESSIVE;
				CLANG_WARN_UNREACHABLE_CODE = YES;
				CLANG_WARN__DUPLICATE_METHOD_MATCH = YES;
				COPY_PHASE_STRIP = NO;
				DEBUG_INFORMATION_FORMAT = dwarf;
				ENABLE_STRICT_OBJC_MSGSEND = YES;
				ENABLE_TESTABILITY = YES;
				ENABLE_USER_SCRIPT_SANDBOXING = NO;
				GCC_C_LANGUAGE_STANDARD = gnu17;
				GCC_DYNAMIC_NO_PIC = NO;
				GCC_NO_COMMON_BLOCKS = YES;
				GCC_OPTIMIZATION_LEVEL = 0;
				GCC_PREPROCESSOR_DEFINITIONS = (
					"DEBUG=1",
					"$(inherited)",
				);
				GCC_WARN_64_TO_32_BIT_CONVERSION = YES;
				GCC_WARN_ABOUT_RETURN_TYPE = YES_ERROR;
				GCC_WARN_UNDECLARED_SELECTOR = YES;
				GCC_WARN_UNINITIALIZED_AUTOS = YES_AGGRESSIVE;
				GCC_WARN_UNUSED_FUNCTION = YES;
				GCC_WARN_UNUSED_VARIABLE = YES;
				IPHONEOS_DEPLOYMENT_TARGET = 18.5;
				LOCALIZATION_PREFERS_STRING_CATALOGS = YES;
				MTL_ENABLE_DEBUG_INFO = INCLUDE_SOURCE;
				MTL_FAST_MATH = YES;
				ONLY_ACTIVE_ARCH = YES;
				SDKROOT = iphoneos;
				SWIFT_ACTIVE_COMPILATION_CONDITIONS = "DEBUG $(inherited)";
				SWIFT_OPTIMIZATION_LEVEL = "-Onone";
			};
			name = Debug;
		};
		95F1A92C2EB1073F00DFB722 /* Release */ = {
			isa = XCBuildConfiguration;
			buildSettings = {
				ALWAYS_SEARCH_USER_PATHS = NO;
				ASSETCATALOG_COMPILER_GENERATE_SWIFT_ASSET_SYMBOL_EXTENSIONS = YES;
				CLANG_ANALYZER_NONNULL = YES;
				CLANG_ANALYZER_NUMBER_OBJECT_CONVERSION = YES_AGGRESSIVE;
				CLANG_CXX_LANGUAGE_STANDARD = "gnu++20";
				CLANG_ENABLE_MODULES = YES;
				CLANG_ENABLE_OBJC_ARC = YES;
				CLANG_ENABLE_OBJC_WEAK = YES;
				CLANG_WARN_BLOCK_CAPTURE_AUTORELEASING = YES;
				CLANG_WARN_BOOL_CONVERSION = YES;
				CLANG_WARN_COMMA = YES;
				CLANG_WARN_CONSTANT_CONVERSION = YES;
				CLANG_WARN_DEPRECATED_OBJC_IMPLEMENTATIONS = YES;
				CLANG_WARN_DIRECT_OBJC_ISA_USAGE = YES_ERROR;
				CLANG_WARN_DOCUMENTATION_COMMENTS = YES;
				CLANG_WARN_EMPTY_BODY = YES;
				CLANG_WARN_ENUM_CONVERSION = YES;
				CLANG_WARN_INFINITE_RECURSION = YES;
				CLANG_WARN_INT_CONVERSION = YES;
				CLANG_WARN_NON_LITERAL_NULL_CONVERSION = YES;
				CLANG_WARN_OBJC_IMPLICIT_RETAIN_SELF = YES;
				CLANG_WARN_OBJC_LITERAL_CONVERSION = YES;
				CLANG_WARN_OBJC_ROOT_CLASS = YES_ERROR;
				CLANG_WARN_QUOTED_INCLUDE_IN_FRAMEWORK_HEADER = YES;
				CLANG_WARN_RANGE_LOOP_ANALYSIS = YES;
				CLANG_WARN_STRICT_PROTOTYPES = YES;
				CLANG_WARN_SUSPICIOUS_MOVE = YES;
				CLANG_WARN_UNGUARDED_AVAILABILITY = YES_AGGRESSIVE;
				CLANG_WARN_UNREACHABLE_CODE = YES;
				CLANG_WARN__DUPLICATE_METHOD_MATCH = YES;
				COPY_PHASE_STRIP = NO;
				DEBUG_INFORMATION_FORMAT = "dwarf-with-dsym";
				ENABLE_NS_ASSERTIONS = NO;
				ENABLE_STRICT_OBJC_MSGSEND = YES;
				ENABLE_USER_SCRIPT_SANDBOXING = NO;
				GCC_C_LANGUAGE_STANDARD = gnu17;
				GCC_NO_COMMON_BLOCKS = YES;
				GCC_WARN_64_TO_32_BIT_CONVERSION = YES;
				GCC_WARN_ABOUT_RETURN_TYPE = YES_ERROR;
				GCC_WARN_UNDECLARED_SELECTOR = YES;
				GCC_WARN_UNINITIALIZED_AUTOS = YES_AGGRESSIVE;
				GCC_WARN_UNUSED_FUNCTION = YES;
				GCC_WARN_UNUSED_VARIABLE = YES;
				IPHONEOS_DEPLOYMENT_TARGET = 18.5;
				LOCALIZATION_PREFERS_STRING_CATALOGS = YES;
				MTL_ENABLE_DEBUG_INFO = NO;
				MTL_FAST_MATH = YES;
				SDKROOT = iphoneos;
				SWIFT_COMPILATION_MODE = wholemodule;
				VALIDATE_PRODUCT = YES;
			};
			name = Release;
		};
		95F1A92E2EB1073F00DFB722 /* Debug */ = {
			isa = XCBuildConfiguration;
			baseConfigurationReference = 8A11BE72B71F000276776871 /* Pods-Main.debug.xcconfig */;
			buildSettings = {
				ASSETCATALOG_COMPILER_APPICON_NAME = AppIcon;
				ASSETCATALOG_COMPILER_GLOBAL_ACCENT_COLOR_NAME = AccentColor;
				CODE_SIGN_ENTITLEMENTS = Main/Main.entitlements;
				CODE_SIGN_IDENTITY = "Apple Distribution: Rory SDGHCGF (8CG4H2SBBL)";
				"CODE_SIGN_IDENTITY[sdk=iphoneos*]" = "Apple Distribution: Rory SDGHCGF (8CG4H2SBBL)";
				CODE_SIGN_STYLE = Manual;
				CURRENT_PROJECT_VERSION = 1;
				DEVELOPMENT_TEAM = 8CG4H2SBBL;
				"DEVELOPMENT_TEAM[sdk=iphoneos*]" = 8CG4H2SBBL;
				ENABLE_PREVIEWS = YES;
				ENABLE_USER_SCRIPT_SANDBOXING = NO;
				GENERATE_INFOPLIST_FILE = YES;
				INFOPLIST_FILE = Main/Info.plist;
				INFOPLIST_KEY_NSCameraUsageDescription = "Allow to this app use your camera.";
				INFOPLIST_KEY_NSUserTrackingUsageDescription = "Your activity is used only to provide personalized app content and improve your experience. We do not share or sell your data.";
				INFOPLIST_KEY_UIApplicationSceneManifest_Generation = YES;
				INFOPLIST_KEY_UIApplicationSupportsIndirectInputEvents = YES;
				INFOPLIST_KEY_UILaunchScreen_Generation = YES;
				INFOPLIST_KEY_UISupportedInterfaceOrientations_iPad = "UIInterfaceOrientationPortrait UIInterfaceOrientationPortraitUpsideDown UIInterfaceOrientationLandscapeLeft UIInterfaceOrientationLandscapeRight";
				INFOPLIST_KEY_UISupportedInterfaceOrientations_iPhone = "UIInterfaceOrientationPortrait UIInterfaceOrientationLandscapeLeft UIInterfaceOrientationLandscapeRight";
				IPHONEOS_DEPLOYMENT_TARGET = 15;
				LD_RUNPATH_SEARCH_PATHS = (
					"$(inherited)",
					"@executable_path/Frameworks",
				);
				MARKETING_VERSION = 1.0;
				PRODUCT_BUNDLE_IDENTIFIER = com.unitapphelp.unitum;
				PRODUCT_NAME = "$(TARGET_NAME)";
				PROVISIONING_PROFILE_SPECIFIER = "unitum profile";
				"PROVISIONING_PROFILE_SPECIFIER[sdk=iphoneos*]" = "unitum profile";
				SUPPORTED_PLATFORMS = "iphoneos iphonesimulator";
				SUPPORTS_MACCATALYST = NO;
				SUPPORTS_MAC_DESIGNED_FOR_IPHONE_IPAD = NO;
				SUPPORTS_XR_DESIGNED_FOR_IPHONE_IPAD = NO;
				SWIFT_EMIT_LOC_STRINGS = YES;
				SWIFT_VERSION = 5.0;
				TARGETED_DEVICE_FAMILY = 1;
			};
			name = Debug;
		};
		95F1A92F2EB1073F00DFB722 /* Release */ = {
			isa = XCBuildConfiguration;
			baseConfigurationReference = F477A20872B37F87EE2B4608 /* Pods-Main.release.xcconfig */;
			buildSettings = {
				ASSETCATALOG_COMPILER_APPICON_NAME = AppIcon;
				ASSETCATALOG_COMPILER_GLOBAL_ACCENT_COLOR_NAME = AccentColor;
				CODE_SIGN_ENTITLEMENTS = Main/Main.entitlements;
				CODE_SIGN_IDENTITY = "Apple Distribution: Rory SDGHCGF (8CG4H2SBBL)";
				"CODE_SIGN_IDENTITY[sdk=iphoneos*]" = "Apple Distribution: Rory SDGHCGF (8CG4H2SBBL)";
				CODE_SIGN_STYLE = Manual;
				CURRENT_PROJECT_VERSION = 1;
				DEVELOPMENT_TEAM = 8CG4H2SBBL;
				"DEVELOPMENT_TEAM[sdk=iphoneos*]" = 8CG4H2SBBL;
				ENABLE_PREVIEWS = YES;
				ENABLE_USER_SCRIPT_SANDBOXING = NO;
				GENERATE_INFOPLIST_FILE = YES;
				INFOPLIST_FILE = Main/Info.plist;
				INFOPLIST_KEY_NSCameraUsageDescription = "Allow to this app use your camera.";
				INFOPLIST_KEY_NSUserTrackingUsageDescription = "Your activity is used only to provide personalized app content and improve your experience. We do not share or sell your data.";
				INFOPLIST_KEY_UIApplicationSceneManifest_Generation = YES;
				INFOPLIST_KEY_UIApplicationSupportsIndirectInputEvents = YES;
				INFOPLIST_KEY_UILaunchScreen_Generation = YES;
				INFOPLIST_KEY_UISupportedInterfaceOrientations_iPad = "UIInterfaceOrientationPortrait UIInterfaceOrientationPortraitUpsideDown UIInterfaceOrientationLandscapeLeft UIInterfaceOrientationLandscapeRight";
				INFOPLIST_KEY_UISupportedInterfaceOrientations_iPhone = "UIInterfaceOrientationPortrait UIInterfaceOrientationLandscapeLeft UIInterfaceOrientationLandscapeRight";
				IPHONEOS_DEPLOYMENT_TARGET = 15;
				LD_RUNPATH_SEARCH_PATHS = (
					"$(inherited)",
					"@executable_path/Frameworks",
				);
				MARKETING_VERSION = 1.0;
				PRODUCT_BUNDLE_IDENTIFIER = com.unitapphelp.unitum;
				PRODUCT_NAME = "$(TARGET_NAME)";
				PROVISIONING_PROFILE_SPECIFIER = "unitum profile";
				"PROVISIONING_PROFILE_SPECIFIER[sdk=iphoneos*]" = "unitum profile";
				SUPPORTED_PLATFORMS = "iphoneos iphonesimulator";
				SUPPORTS_MACCATALYST = NO;
				SUPPORTS_MAC_DESIGNED_FOR_IPHONE_IPAD = NO;
				SUPPORTS_XR_DESIGNED_FOR_IPHONE_IPAD = NO;
				SWIFT_EMIT_LOC_STRINGS = YES;
				SWIFT_VERSION = 5.0;
				TARGETED_DEVICE_FAMILY = 1;
			};
			name = Release;
		};
		95F1A93E2EB1076500DFB722 /* Debug */ = {
			isa = XCBuildConfiguration;
			baseConfigurationReference = E1390676039CE7762EB65D2F /* Pods-notifications.debug.xcconfig */;
			buildSettings = {
				CODE_SIGN_ENTITLEMENTS = notifications/notifications.entitlements;
				CODE_SIGN_IDENTITY = "Apple Distribution: Rory SDGHCGF (8CG4H2SBBL)";
				"CODE_SIGN_IDENTITY[sdk=iphoneos*]" = "Apple Distribution: Rory SDGHCGF (8CG4H2SBBL)";
				CODE_SIGN_STYLE = Manual;
				CURRENT_PROJECT_VERSION = 1;
				DEVELOPMENT_TEAM = 8CG4H2SBBL;
				"DEVELOPMENT_TEAM[sdk=iphoneos*]" = 8CG4H2SBBL;
				ENABLE_USER_SCRIPT_SANDBOXING = NO;
				GENERATE_INFOPLIST_FILE = YES;
				INFOPLIST_FILE = notifications/Info.plist;
				INFOPLIST_KEY_CFBundleDisplayName = notifications;
				INFOPLIST_KEY_NSHumanReadableCopyright = "";
				IPHONEOS_DEPLOYMENT_TARGET = 15;
				LD_RUNPATH_SEARCH_PATHS = (
					"$(inherited)",
					"@executable_path/Frameworks",
					"@executable_path/../../Frameworks",
				);
				MARKETING_VERSION = 1.0;
				PRODUCT_BUNDLE_IDENTIFIER = com.unitapphelp.unitum.notifications;
				PRODUCT_NAME = "$(TARGET_NAME)";
				PROVISIONING_PROFILE_SPECIFIER = "not unitum profile";
				"PROVISIONING_PROFILE_SPECIFIER[sdk=iphoneos*]" = "not unitum profile";
				SKIP_INSTALL = YES;
				SUPPORTED_PLATFORMS = "iphoneos iphonesimulator";
				SUPPORTS_MACCATALYST = NO;
				SUPPORTS_MAC_DESIGNED_FOR_IPHONE_IPAD = NO;
				SUPPORTS_XR_DESIGNED_FOR_IPHONE_IPAD = NO;
				SWIFT_EMIT_LOC_STRINGS = YES;
				SWIFT_VERSION = 5.0;
				TARGETED_DEVICE_FAMILY = 1;
			};
			name = Debug;
		};
		95F1A93F2EB1076500DFB722 /* Release */ = {
			isa = XCBuildConfiguration;
			baseConfigurationReference = 54BFA4F3CA869675E40B0601 /* Pods-notifications.release.xcconfig */;
			buildSettings = {
				CODE_SIGN_ENTITLEMENTS = notifications/notifications.entitlements;
				CODE_SIGN_IDENTITY = "Apple Distribution: Rory SDGHCGF (8CG4H2SBBL)";
				"CODE_SIGN_IDENTITY[sdk=iphoneos*]" = "Apple Distribution: Rory SDGHCGF (8CG4H2SBBL)";
				CODE_SIGN_STYLE = Manual;
				CURRENT_PROJECT_VERSION = 1;
				DEVELOPMENT_TEAM = 8CG4H2SBBL;
				"DEVELOPMENT_TEAM[sdk=iphoneos*]" = 8CG4H2SBBL;
				ENABLE_USER_SCRIPT_SANDBOXING = NO;
				GENERATE_INFOPLIST_FILE = YES;
				INFOPLIST_FILE = notifications/Info.plist;
				INFOPLIST_KEY_CFBundleDisplayName = notifications;
				INFOPLIST_KEY_NSHumanReadableCopyright = "";
				IPHONEOS_DEPLOYMENT_TARGET = 15;
				LD_RUNPATH_SEARCH_PATHS = (
					"$(inherited)",
					"@executable_path/Frameworks",
					"@executable_path/../../Frameworks",
				);
				MARKETING_VERSION = 1.0;
				PRODUCT_BUNDLE_IDENTIFIER = com.unitapphelp.unitum.notifications;
				PRODUCT_NAME = "$(TARGET_NAME)";
				PROVISIONING_PROFILE_SPECIFIER = "not unitum profile";
				"PROVISIONING_PROFILE_SPECIFIER[sdk=iphoneos*]" = "not unitum profile";
				SKIP_INSTALL = YES;
				SUPPORTED_PLATFORMS = "iphoneos iphonesimulator";
				SUPPORTS_MACCATALYST = NO;
				SUPPORTS_MAC_DESIGNED_FOR_IPHONE_IPAD = NO;
				SUPPORTS_XR_DESIGNED_FOR_IPHONE_IPAD = NO;
				SWIFT_EMIT_LOC_STRINGS = YES;
				SWIFT_VERSION = 5.0;
				TARGETED_DEVICE_FAMILY = 1;
			};
			name = Release;
		};
/* End XCBuildConfiguration section */

/* Begin XCConfigurationList section */
		95F1A91D2EB1073E00DFB722 /* Build configuration list for PBXProject "Main" */ = {
			isa = XCConfigurationList;
			buildConfigurations = (
				95F1A92B2EB1073F00DFB722 /* Debug */,
				95F1A92C2EB1073F00DFB722 /* Release */,
			);
			defaultConfigurationIsVisible = 0;
			defaultConfigurationName = Release;
		};
		95F1A92D2EB1073F00DFB722 /* Build configuration list for PBXNativeTarget "Main" */ = {
			isa = XCConfigurationList;
			buildConfigurations = (
				95F1A92E2EB1073F00DFB722 /* Debug */,
				95F1A92F2EB1073F00DFB722 /* Release */,
			);
			defaultConfigurationIsVisible = 0;
			defaultConfigurationName = Release;
		};
		95F1A93D2EB1076500DFB722 /* Build configuration list for PBXNativeTarget "notifications" */ = {
			isa = XCConfigurationList;
			buildConfigurations = (
				95F1A93E2EB1076500DFB722 /* Debug */,
				95F1A93F2EB1076500DFB722 /* Release */,
			);
			defaultConfigurationIsVisible = 0;
			defaultConfigurationName = Release;
		};
/* End XCConfigurationList section */
	};
	rootObject = 95F1A91A2EB1073E00DFB722 /* Project object */;
}
